
Microsoft Visual Studio Solution File, Format Version 12.00
# Visual Studio 15
VisualStudioVersion = 15.0.26114.2
MinimumVisualStudioVersion = 10.0.40219.1
Project("{FAE04EC0-301F-11D3-BF4B-00C04F79EFBC}") = "red-squirrel-core", "red-squirrel-core.csproj", "{F861C457-AB0C-4602-9CBF-2B2AF5B9DEDA}"
EndProject
Global
	GlobalSection(SolutionConfigurationPlatforms) = preSolution
		Debug|Any CPU = Debug|Any CPU
		Release|Any CPU = Release|Any CPU
	EndGlobalSection
	GlobalSection(ProjectConfigurationPlatforms) = postSolution
		{F861C457-AB0C-4602-9CBF-2B2AF5B9DEDA}.Debug|Any CPU.ActiveCfg = Debug|Any CPU
		{F861C457-AB0C-4602-9CBF-2B2AF5B9DEDA}.Debug|Any CPU.Build.0 = Debug|Any CPU
		{F861C457-AB0C-4602-9CBF-2B2AF5B9DEDA}.Release|Any CPU.ActiveCfg = Release|Any CPU
		{F861C457-AB0C-4602-9CBF-2B2AF5B9DEDA}.Release|Any CPU.Build.0 = Release|Any CPU
	EndGlobalSection
	GlobalSection(SolutionProperties) = preSolution
		HideSolutionNode = FALSE
	EndGlobalSection
EndGlobal
